{
    "_meta": {
        "hash": {
            "sha256": "1ee1e26894084597f53b0a3a8baf0c827b36ad09f8d5d484b1a26612f17822ee"
        },
        "pipfile-spec": 6,
        "requires": {
            "python_version": "3.13"
        },
        "sources": [
            {
                "name": "pypi",
                "url": "https://pypi.org/simple",
                "verify_ssl": true
            }
        ]
    },
    "default": {
        "cerberus": {
            "hashes": [
                "sha256:180e7d1fa1a5765cbff7b5c716e52fddddfab859dc8f625b0d563ace4b7a7ab3",
                "sha256:ecf249665400a0b7a9d5e4ee1ffc234fd5d003186d3e1904f70bc14038642c13"
            ],
            "index": "pypi",
            "markers": "python_version >= '3.7'",
            "version": "==1.3.7"
        },
        "multipledispatch": {
            "hashes": [
                "sha256:0c53cd8b077546da4e48869f49b13164bebafd0c2a5afceb6bb6a316e7fb46e4",
                "sha256:5c839915465c68206c3e9c473357908216c28383b425361e5d144594bf85a7e0"
            ],
            "index": "pypi",
            "version": "==1.0.0"
        }
    },
    "develop": {}
}
